
Microsoft Visual Studio Solution File, Format Version 12.00
# Visual Studio Version 16
VisualStudioVersion = 16.0.30517.126
MinimumVisualStudioVersion = 10.0.40219.1
Project("{FAE04EC0-301F-11D3-BF4B-00C04F79EFBC}") = "LibraryOne", "LibraryOne\LibraryOne.csproj", "{7D38D7FC-6E7A-460E-92FC-D65B1AA059BA}"
EndProject
Global
	GlobalSection(SolutionConfigurationPlatforms) = preSolution
		Debug|Any CPU = Debug|Any CPU
		Release|Any CPU = Release|Any CPU
	EndGlobalSection
	GlobalSection(ProjectConfigurationPlatforms) = postSolution
		{7D38D7FC-6E7A-460E-92FC-D65B1AA059BA}.Debug|Any CPU.ActiveCfg = Debug|Any CPU
		{7D38D7FC-6E7A-460E-92FC-D65B1AA059BA}.Debug|Any CPU.Build.0 = Debug|Any CPU
		{7D38D7FC-6E7A-460E-92FC-D65B1AA059BA}.Release|Any CPU.ActiveCfg = Release|Any CPU
		{7D38D7FC-6E7A-460E-92FC-D65B1AA059BA}.Release|Any CPU.Build.0 = Release|Any CPU
	EndGlobalSection
	GlobalSection(SolutionProperties) = preSolution
		HideSolutionNode = FALSE
	EndGlobalSection
	GlobalSection(ExtensibilityGlobals) = postSolution
		SolutionGuid = {FC764AC4-C6B0-4454-B82B-4F9F78EA994A}
	EndGlobalSection
EndGlobal
