
Microsoft Visual Studio Solution File, Format Version 12.00
# Visual Studio Version 16
VisualStudioVersion = 16.0.30517.126
MinimumVisualStudioVersion = 10.0.40219.1
Project("{FAE04EC0-301F-11D3-BF4B-00C04F79EFBC}") = "LibraryWebApp", "LibraryWebApp\LibraryWebApp.csproj", "{7DE3D73A-4DD9-48E9-A487-02E203D413FE}"
EndProject
Global
	GlobalSection(SolutionConfigurationPlatforms) = preSolution
		Debug|Any CPU = Debug|Any CPU
		Release|Any CPU = Release|Any CPU
	EndGlobalSection
	GlobalSection(ProjectConfigurationPlatforms) = postSolution
		{7DE3D73A-4DD9-48E9-A487-02E203D413FE}.Debug|Any CPU.ActiveCfg = Debug|Any CPU
		{7DE3D73A-4DD9-48E9-A487-02E203D413FE}.Debug|Any CPU.Build.0 = Debug|Any CPU
		{7DE3D73A-4DD9-48E9-A487-02E203D413FE}.Release|Any CPU.ActiveCfg = Release|Any CPU
		{7DE3D73A-4DD9-48E9-A487-02E203D413FE}.Release|Any CPU.Build.0 = Release|Any CPU
	EndGlobalSection
	GlobalSection(SolutionProperties) = preSolution
		HideSolutionNode = FALSE
	EndGlobalSection
	GlobalSection(ExtensibilityGlobals) = postSolution
		SolutionGuid = {05676AF5-FF92-40C7-822A-BDE5240714E9}
	EndGlobalSection
EndGlobal
